
Microsoft Visual Studio Solution File, Format Version 12.00
# Visual Studio 14
VisualStudioVersion = 14.0.25420.1
MinimumVisualStudioVersion = 10.0.40219.1
Project("{FAE04EC0-301F-11D3-BF4B-00C04F79EFBC}") = "VkApp", "VkApp\VkApp.csproj", "{20144E92-92F2-4BC9-B6E7-F86357E88DCB}"
EndProject
Project("{FAE04EC0-301F-11D3-BF4B-00C04F79EFBC}") = "LogInfo", "LogInfo\LogInfo.csproj", "{084482E9-CBB0-43FC-81D6-558D2489750C}"
EndProject
Global
	GlobalSection(SolutionConfigurationPlatforms) = preSolution
		Debug|Any CPU = Debug|Any CPU
		Release|Any CPU = Release|Any CPU
	EndGlobalSection
	GlobalSection(ProjectConfigurationPlatforms) = postSolution
		{20144E92-92F2-4BC9-B6E7-F86357E88DCB}.Debug|Any CPU.ActiveCfg = Debug|Any CPU
		{20144E92-92F2-4BC9-B6E7-F86357E88DCB}.Debug|Any CPU.Build.0 = Debug|Any CPU
		{20144E92-92F2-4BC9-B6E7-F86357E88DCB}.Release|Any CPU.ActiveCfg = Release|Any CPU
		{20144E92-92F2-4BC9-B6E7-F86357E88DCB}.Release|Any CPU.Build.0 = Release|Any CPU
		{084482E9-CBB0-43FC-81D6-558D2489750C}.Debug|Any CPU.ActiveCfg = Debug|Any CPU
		{084482E9-CBB0-43FC-81D6-558D2489750C}.Debug|Any CPU.Build.0 = Debug|Any CPU
		{084482E9-CBB0-43FC-81D6-558D2489750C}.Release|Any CPU.ActiveCfg = Release|Any CPU
		{084482E9-CBB0-43FC-81D6-558D2489750C}.Release|Any CPU.Build.0 = Release|Any CPU
	EndGlobalSection
	GlobalSection(SolutionProperties) = preSolution
		HideSolutionNode = FALSE
	EndGlobalSection
EndGlobal
